{
	"name": "@ericssonbroadcastservices/whitelabel-sdk",
	"version": "0.136.0",
	"lockfileVersion": 2,
	"requires": true,
	"packages": {
		"": {
			"name": "@ericssonbroadcastservices/whitelabel-sdk",
			"version": "0.116.0",
			"license": "ISC",
			"dependencies": {
				"axios": "^0.24.0",
				"date-fns": "^2.27.0",
				"humanize-duration": "^3.27.1",
				"iso8601-duration": "^1.2.0",
				"marked": "^2.0.1",
				"query-string": "^7.0.1",
				"reflect-metadata": "^0.1.13"
			}
		},
		"node_modules/axios": {
			"version": "0.24.0",
			"resolved": "https://registry.npmjs.org/axios/-/axios-0.24.0.tgz",
			"integrity": "sha512-Q6cWsys88HoPgAaFAVUb0WpPk0O8iTeisR9IMqy9G8AbO4NlpVknrnQS03zzF9PGAWgO3cgletO3VjV/P7VztA==",
			"dependencies": {
				"follow-redirects": "^1.14.4"
			}
		},
		"node_modules/date-fns": {
			"version": "2.27.0",
			"resolved": "https://registry.npmjs.org/date-fns/-/date-fns-2.27.0.tgz",
			"integrity": "sha512-sj+J0Mo2p2X1e306MHq282WS4/A8Pz/95GIFcsPNMPMZVI3EUrAdSv90al1k+p74WGLCruMXk23bfEDZa71X9Q==",
			"engines": {
				"node": ">=0.11"
			},
			"funding": {
				"type": "opencollective",
				"url": "https://opencollective.com/date-fns"
			}
		},
		"node_modules/decode-uri-component": {
			"version": "0.2.0",
			"resolved": "https://registry.npmjs.org/decode-uri-component/-/decode-uri-component-0.2.0.tgz",
			"integrity": "sha1-6zkTMzRYd1y4TNGh+uBiEGu4dUU=",
			"engines": {
				"node": ">=0.10"
			}
		},
		"node_modules/filter-obj": {
			"version": "1.1.0",
			"resolved": "https://registry.npmjs.org/filter-obj/-/filter-obj-1.1.0.tgz",
			"integrity": "sha1-mzERErxsYSehbgFsbF1/GeCAXFs=",
			"engines": {
				"node": ">=0.10.0"
			}
		},
		"node_modules/follow-redirects": {
			"version": "1.14.6",
			"resolved": "https://registry.npmjs.org/follow-redirects/-/follow-redirects-1.14.6.tgz",
			"integrity": "sha512-fhUl5EwSJbbl8AR+uYL2KQDxLkdSjZGR36xy46AO7cOMTrCMON6Sa28FmAnC2tRTDbd/Uuzz3aJBv7EBN7JH8A==",
			"funding": [
				{
					"type": "individual",
					"url": "https://github.com/sponsors/RubenVerborgh"
				}
			],
			"engines": {
				"node": ">=4.0"
			},
			"peerDependenciesMeta": {
				"debug": {
					"optional": true
				}
			}
		},
		"node_modules/humanize-duration": {
			"version": "3.27.1",
			"resolved": "https://registry.npmjs.org/humanize-duration/-/humanize-duration-3.27.1.tgz",
			"integrity": "sha512-jCVkMl+EaM80rrMrAPl96SGG4NRac53UyI1o/yAzebDntEY6K6/Fj2HOjdPg8omTqIe5Y0wPBai2q5xXrIbarA=="
		},
		"node_modules/iso8601-duration": {
			"version": "1.3.0",
			"resolved": "https://registry.npmjs.org/iso8601-duration/-/iso8601-duration-1.3.0.tgz",
			"integrity": "sha512-K4CiUBzo3YeWk76FuET/dQPH03WE04R94feo5TSKQCXpoXQt9E4yx2CnY737QZnSAI3PI4WlKo/zfqizGx52QQ=="
		},
		"node_modules/marked": {
			"version": "2.1.3",
			"resolved": "https://registry.npmjs.org/marked/-/marked-2.1.3.tgz",
			"integrity": "sha512-/Q+7MGzaETqifOMWYEA7HVMaZb4XbcRfaOzcSsHZEith83KGlvaSG33u0SKu89Mj5h+T8V2hM+8O45Qc5XTgwA==",
			"bin": {
				"marked": "bin/marked"
			},
			"engines": {
				"node": ">= 10"
			}
		},
		"node_modules/query-string": {
			"version": "7.0.1",
			"resolved": "https://registry.npmjs.org/query-string/-/query-string-7.0.1.tgz",
			"integrity": "sha512-uIw3iRvHnk9to1blJCG3BTc+Ro56CBowJXKmNNAm3RulvPBzWLRqKSiiDk+IplJhsydwtuNMHi8UGQFcCLVfkA==",
			"dependencies": {
				"decode-uri-component": "^0.2.0",
				"filter-obj": "^1.1.0",
				"split-on-first": "^1.0.0",
				"strict-uri-encode": "^2.0.0"
			},
			"engines": {
				"node": ">=6"
			},
			"funding": {
				"url": "https://github.com/sponsors/sindresorhus"
			}
		},
		"node_modules/reflect-metadata": {
			"version": "0.1.13",
			"resolved": "https://registry.npmjs.org/reflect-metadata/-/reflect-metadata-0.1.13.tgz",
			"integrity": "sha512-Ts1Y/anZELhSsjMcU605fU9RE4Oi3p5ORujwbIKXfWa+0Zxs510Qrmrce5/Jowq3cHSZSJqBjypxmHarc+vEWg=="
		},
		"node_modules/split-on-first": {
			"version": "1.1.0",
			"resolved": "https://registry.npmjs.org/split-on-first/-/split-on-first-1.1.0.tgz",
			"integrity": "sha512-43ZssAJaMusuKWL8sKUBQXHWOpq8d6CfN/u1p4gUzfJkM05C8rxTmYrkIPTXapZpORA6LkkzcUulJ8FqA7Uudw==",
			"engines": {
				"node": ">=6"
			}
		},
		"node_modules/strict-uri-encode": {
			"version": "2.0.0",
			"resolved": "https://registry.npmjs.org/strict-uri-encode/-/strict-uri-encode-2.0.0.tgz",
			"integrity": "sha1-ucczDHBChi9rFC3CdLvMWGbONUY=",
			"engines": {
				"node": ">=4"
			}
		}
	},
	"dependencies": {
		"axios": {
			"version": "0.24.0",
			"resolved": "https://registry.npmjs.org/axios/-/axios-0.24.0.tgz",
			"integrity": "sha512-Q6cWsys88HoPgAaFAVUb0WpPk0O8iTeisR9IMqy9G8AbO4NlpVknrnQS03zzF9PGAWgO3cgletO3VjV/P7VztA==",
			"requires": {
				"follow-redirects": "^1.14.4"
			}
		},
		"date-fns": {
			"version": "2.27.0",
			"resolved": "https://registry.npmjs.org/date-fns/-/date-fns-2.27.0.tgz",
			"integrity": "sha512-sj+J0Mo2p2X1e306MHq282WS4/A8Pz/95GIFcsPNMPMZVI3EUrAdSv90al1k+p74WGLCruMXk23bfEDZa71X9Q=="
		},
		"decode-uri-component": {
			"version": "0.2.0",
			"resolved": "https://registry.npmjs.org/decode-uri-component/-/decode-uri-component-0.2.0.tgz",
			"integrity": "sha1-6zkTMzRYd1y4TNGh+uBiEGu4dUU="
		},
		"filter-obj": {
			"version": "1.1.0",
			"resolved": "https://registry.npmjs.org/filter-obj/-/filter-obj-1.1.0.tgz",
			"integrity": "sha1-mzERErxsYSehbgFsbF1/GeCAXFs="
		},
		"follow-redirects": {
			"version": "1.14.6",
			"resolved": "https://registry.npmjs.org/follow-redirects/-/follow-redirects-1.14.6.tgz",
			"integrity": "sha512-fhUl5EwSJbbl8AR+uYL2KQDxLkdSjZGR36xy46AO7cOMTrCMON6Sa28FmAnC2tRTDbd/Uuzz3aJBv7EBN7JH8A=="
		},
		"humanize-duration": {
			"version": "3.27.1",
			"resolved": "https://registry.npmjs.org/humanize-duration/-/humanize-duration-3.27.1.tgz",
			"integrity": "sha512-jCVkMl+EaM80rrMrAPl96SGG4NRac53UyI1o/yAzebDntEY6K6/Fj2HOjdPg8omTqIe5Y0wPBai2q5xXrIbarA=="
		},
		"iso8601-duration": {
			"version": "1.3.0",
			"resolved": "https://registry.npmjs.org/iso8601-duration/-/iso8601-duration-1.3.0.tgz",
			"integrity": "sha512-K4CiUBzo3YeWk76FuET/dQPH03WE04R94feo5TSKQCXpoXQt9E4yx2CnY737QZnSAI3PI4WlKo/zfqizGx52QQ=="
		},
		"marked": {
			"version": "2.1.3",
			"resolved": "https://registry.npmjs.org/marked/-/marked-2.1.3.tgz",
			"integrity": "sha512-/Q+7MGzaETqifOMWYEA7HVMaZb4XbcRfaOzcSsHZEith83KGlvaSG33u0SKu89Mj5h+T8V2hM+8O45Qc5XTgwA=="
		},
		"query-string": {
			"version": "7.0.1",
			"resolved": "https://registry.npmjs.org/query-string/-/query-string-7.0.1.tgz",
			"integrity": "sha512-uIw3iRvHnk9to1blJCG3BTc+Ro56CBowJXKmNNAm3RulvPBzWLRqKSiiDk+IplJhsydwtuNMHi8UGQFcCLVfkA==",
			"requires": {
				"decode-uri-component": "^0.2.0",
				"filter-obj": "^1.1.0",
				"split-on-first": "^1.0.0",
				"strict-uri-encode": "^2.0.0"
			}
		},
		"reflect-metadata": {
			"version": "0.1.13",
			"resolved": "https://registry.npmjs.org/reflect-metadata/-/reflect-metadata-0.1.13.tgz",
			"integrity": "sha512-Ts1Y/anZELhSsjMcU605fU9RE4Oi3p5ORujwbIKXfWa+0Zxs510Qrmrce5/Jowq3cHSZSJqBjypxmHarc+vEWg=="
		},
		"split-on-first": {
			"version": "1.1.0",
			"resolved": "https://registry.npmjs.org/split-on-first/-/split-on-first-1.1.0.tgz",
			"integrity": "sha512-43ZssAJaMusuKWL8sKUBQXHWOpq8d6CfN/u1p4gUzfJkM05C8rxTmYrkIPTXapZpORA6LkkzcUulJ8FqA7Uudw=="
		},
		"strict-uri-encode": {
			"version": "2.0.0",
			"resolved": "https://registry.npmjs.org/strict-uri-encode/-/strict-uri-encode-2.0.0.tgz",
			"integrity": "sha1-ucczDHBChi9rFC3CdLvMWGbONUY="
		}
	}
}
